
Microsoft Visual Studio Solution File, Format Version 12.00
# Visual Studio 15
VisualStudioVersion = 15.0.26430.13
MinimumVisualStudioVersion = 10.0.40219.1
Project("{FAE04EC0-301F-11D3-BF4B-00C04F79EFBC}") = "algor", "algor\algor.csproj", "{A6A8BF16-8A9F-416B-83D0-464CA449C224}"
EndProject
Project("{FAE04EC0-301F-11D3-BF4B-00C04F79EFBC}") = "fanqie", "fanqie\fanqie.csproj", "{0C731B96-9F0F-44F4-88C3-EA875FF48DAE}"
EndProject
Global
	GlobalSection(SolutionConfigurationPlatforms) = preSolution
		Debug|Any CPU = Debug|Any CPU
		Release|Any CPU = Release|Any CPU
	EndGlobalSection
	GlobalSection(ProjectConfigurationPlatforms) = postSolution
		{A6A8BF16-8A9F-416B-83D0-464CA449C224}.Debug|Any CPU.ActiveCfg = Debug|Any CPU
		{A6A8BF16-8A9F-416B-83D0-464CA449C224}.Debug|Any CPU.Build.0 = Debug|Any CPU
		{A6A8BF16-8A9F-416B-83D0-464CA449C224}.Release|Any CPU.ActiveCfg = Release|Any CPU
		{A6A8BF16-8A9F-416B-83D0-464CA449C224}.Release|Any CPU.Build.0 = Release|Any CPU
		{0C731B96-9F0F-44F4-88C3-EA875FF48DAE}.Debug|Any CPU.ActiveCfg = Debug|Any CPU
		{0C731B96-9F0F-44F4-88C3-EA875FF48DAE}.Debug|Any CPU.Build.0 = Debug|Any CPU
		{0C731B96-9F0F-44F4-88C3-EA875FF48DAE}.Release|Any CPU.ActiveCfg = Release|Any CPU
		{0C731B96-9F0F-44F4-88C3-EA875FF48DAE}.Release|Any CPU.Build.0 = Release|Any CPU
	EndGlobalSection
	GlobalSection(SolutionProperties) = preSolution
		HideSolutionNode = FALSE
	EndGlobalSection
	GlobalSection(ExtensibilityGlobals) = postSolution
		SolutionGuid = {87C96C39-5D7B-4FF9-BF72-B26282D77B6C}
	EndGlobalSection
EndGlobal
